
Microsoft Visual Studio Solution File, Format Version 12.00
# Visual Studio Version 16
VisualStudioVersion = 16.0.28917.182
MinimumVisualStudioVersion = 10.0.40219.1
Project("{8BC9CEB8-8B4A-11D0-8D11-00A0C91BC942}") = "NativeBridge", "NativeBridge\NativeBridge.vcxproj", "{54A914C2-7CE1-4F25-9722-8B90D5641689}"
EndProject
Project("{9A19103F-16F7-4668-BE54-9A1E7A4F7556}") = "APDU", "APDU\APDU.csproj", "{011BE5F9-1916-4549-B307-779097C922AF}"
EndProject
Project("{8BC9CEB8-8B4A-11D0-8D11-00A0C91BC942}") = "SoftU2FDriver", "SoftU2FDriver\SoftU2F.vcxproj", "{6480AC5C-E1DE-4855-B9EA-AFA0243EFE88}"
EndProject
Project("{FAE04EC0-301F-11D3-BF4B-00C04F79EFBC}") = "SystemTray", "SystemTray\SystemTray.csproj", "{92ABFFCF-72BD-4AF8-A70D-CDE1731AC830}"
EndProject
Global
	GlobalSection(SolutionConfigurationPlatforms) = preSolution
		Debug|Any CPU = Debug|Any CPU
		Debug|ARM = Debug|ARM
		Debug|ARM64 = Debug|ARM64
		Debug|x64 = Debug|x64
		Debug|x86 = Debug|x86
		Release|Any CPU = Release|Any CPU
		Release|ARM = Release|ARM
		Release|ARM64 = Release|ARM64
		Release|x64 = Release|x64
		Release|x86 = Release|x86
	EndGlobalSection
	GlobalSection(ProjectConfigurationPlatforms) = postSolution
		{54A914C2-7CE1-4F25-9722-8B90D5641689}.Debug|Any CPU.ActiveCfg = Debug|Win32
		{54A914C2-7CE1-4F25-9722-8B90D5641689}.Debug|ARM.ActiveCfg = Debug|Win32
		{54A914C2-7CE1-4F25-9722-8B90D5641689}.Debug|ARM64.ActiveCfg = Debug|Win32
		{54A914C2-7CE1-4F25-9722-8B90D5641689}.Debug|x64.ActiveCfg = Release|x64
		{54A914C2-7CE1-4F25-9722-8B90D5641689}.Debug|x64.Build.0 = Release|x64
		{54A914C2-7CE1-4F25-9722-8B90D5641689}.Debug|x86.ActiveCfg = Debug|Win32
		{54A914C2-7CE1-4F25-9722-8B90D5641689}.Debug|x86.Build.0 = Debug|Win32
		{54A914C2-7CE1-4F25-9722-8B90D5641689}.Release|Any CPU.ActiveCfg = Release|Win32
		{54A914C2-7CE1-4F25-9722-8B90D5641689}.Release|ARM.ActiveCfg = Release|Win32
		{54A914C2-7CE1-4F25-9722-8B90D5641689}.Release|ARM64.ActiveCfg = Release|Win32
		{54A914C2-7CE1-4F25-9722-8B90D5641689}.Release|x64.ActiveCfg = Release|x64
		{54A914C2-7CE1-4F25-9722-8B90D5641689}.Release|x64.Build.0 = Release|x64
		{54A914C2-7CE1-4F25-9722-8B90D5641689}.Release|x86.ActiveCfg = Release|Win32
		{54A914C2-7CE1-4F25-9722-8B90D5641689}.Release|x86.Build.0 = Release|Win32
		{011BE5F9-1916-4549-B307-779097C922AF}.Debug|Any CPU.ActiveCfg = Debug|Any CPU
		{011BE5F9-1916-4549-B307-779097C922AF}.Debug|Any CPU.Build.0 = Debug|Any CPU
		{011BE5F9-1916-4549-B307-779097C922AF}.Debug|ARM.ActiveCfg = Debug|Any CPU
		{011BE5F9-1916-4549-B307-779097C922AF}.Debug|ARM.Build.0 = Debug|Any CPU
		{011BE5F9-1916-4549-B307-779097C922AF}.Debug|ARM64.ActiveCfg = Debug|Any CPU
		{011BE5F9-1916-4549-B307-779097C922AF}.Debug|ARM64.Build.0 = Debug|Any CPU
		{011BE5F9-1916-4549-B307-779097C922AF}.Debug|x64.ActiveCfg = Debug|Any CPU
		{011BE5F9-1916-4549-B307-779097C922AF}.Debug|x64.Build.0 = Debug|Any CPU
		{011BE5F9-1916-4549-B307-779097C922AF}.Debug|x86.ActiveCfg = Debug|Any CPU
		{011BE5F9-1916-4549-B307-779097C922AF}.Debug|x86.Build.0 = Debug|Any CPU
		{011BE5F9-1916-4549-B307-779097C922AF}.Release|Any CPU.ActiveCfg = Release|Any CPU
		{011BE5F9-1916-4549-B307-779097C922AF}.Release|Any CPU.Build.0 = Release|Any CPU
		{011BE5F9-1916-4549-B307-779097C922AF}.Release|ARM.ActiveCfg = Release|Any CPU
		{011BE5F9-1916-4549-B307-779097C922AF}.Release|ARM.Build.0 = Release|Any CPU
		{011BE5F9-1916-4549-B307-779097C922AF}.Release|ARM64.ActiveCfg = Release|Any CPU
		{011BE5F9-1916-4549-B307-779097C922AF}.Release|ARM64.Build.0 = Release|Any CPU
		{011BE5F9-1916-4549-B307-779097C922AF}.Release|x64.ActiveCfg = Release|Any CPU
		{011BE5F9-1916-4549-B307-779097C922AF}.Release|x64.Build.0 = Release|Any CPU
		{011BE5F9-1916-4549-B307-779097C922AF}.Release|x86.ActiveCfg = Release|Any CPU
		{011BE5F9-1916-4549-B307-779097C922AF}.Release|x86.Build.0 = Release|Any CPU
		{6480AC5C-E1DE-4855-B9EA-AFA0243EFE88}.Debug|Any CPU.ActiveCfg = Debug|Win32
		{6480AC5C-E1DE-4855-B9EA-AFA0243EFE88}.Debug|ARM.ActiveCfg = Debug|ARM
		{6480AC5C-E1DE-4855-B9EA-AFA0243EFE88}.Debug|ARM.Build.0 = Debug|ARM
		{6480AC5C-E1DE-4855-B9EA-AFA0243EFE88}.Debug|ARM.Deploy.0 = Debug|ARM
		{6480AC5C-E1DE-4855-B9EA-AFA0243EFE88}.Debug|ARM64.ActiveCfg = Debug|ARM64
		{6480AC5C-E1DE-4855-B9EA-AFA0243EFE88}.Debug|ARM64.Build.0 = Debug|ARM64
		{6480AC5C-E1DE-4855-B9EA-AFA0243EFE88}.Debug|ARM64.Deploy.0 = Debug|ARM64
		{6480AC5C-E1DE-4855-B9EA-AFA0243EFE88}.Debug|x64.ActiveCfg = Debug|x64
		{6480AC5C-E1DE-4855-B9EA-AFA0243EFE88}.Debug|x64.Build.0 = Debug|x64
		{6480AC5C-E1DE-4855-B9EA-AFA0243EFE88}.Debug|x64.Deploy.0 = Debug|x64
		{6480AC5C-E1DE-4855-B9EA-AFA0243EFE88}.Debug|x86.ActiveCfg = Debug|Win32
		{6480AC5C-E1DE-4855-B9EA-AFA0243EFE88}.Debug|x86.Build.0 = Debug|Win32
		{6480AC5C-E1DE-4855-B9EA-AFA0243EFE88}.Debug|x86.Deploy.0 = Debug|Win32
		{6480AC5C-E1DE-4855-B9EA-AFA0243EFE88}.Release|Any CPU.ActiveCfg = Release|Win32
		{6480AC5C-E1DE-4855-B9EA-AFA0243EFE88}.Release|ARM.ActiveCfg = Release|ARM
		{6480AC5C-E1DE-4855-B9EA-AFA0243EFE88}.Release|ARM.Build.0 = Release|ARM
		{6480AC5C-E1DE-4855-B9EA-AFA0243EFE88}.Release|ARM.Deploy.0 = Release|ARM
		{6480AC5C-E1DE-4855-B9EA-AFA0243EFE88}.Release|ARM64.ActiveCfg = Release|ARM64
		{6480AC5C-E1DE-4855-B9EA-AFA0243EFE88}.Release|ARM64.Build.0 = Release|ARM64
		{6480AC5C-E1DE-4855-B9EA-AFA0243EFE88}.Release|ARM64.Deploy.0 = Release|ARM64
		{6480AC5C-E1DE-4855-B9EA-AFA0243EFE88}.Release|x64.ActiveCfg = Release|x64
		{6480AC5C-E1DE-4855-B9EA-AFA0243EFE88}.Release|x64.Build.0 = Release|x64
		{6480AC5C-E1DE-4855-B9EA-AFA0243EFE88}.Release|x64.Deploy.0 = Release|x64
		{6480AC5C-E1DE-4855-B9EA-AFA0243EFE88}.Release|x86.ActiveCfg = Release|Win32
		{6480AC5C-E1DE-4855-B9EA-AFA0243EFE88}.Release|x86.Build.0 = Release|Win32
		{6480AC5C-E1DE-4855-B9EA-AFA0243EFE88}.Release|x86.Deploy.0 = Release|Win32
		{92ABFFCF-72BD-4AF8-A70D-CDE1731AC830}.Debug|Any CPU.ActiveCfg = Debug|Any CPU
		{92ABFFCF-72BD-4AF8-A70D-CDE1731AC830}.Debug|Any CPU.Build.0 = Debug|Any CPU
		{92ABFFCF-72BD-4AF8-A70D-CDE1731AC830}.Debug|ARM.ActiveCfg = Debug|Any CPU
		{92ABFFCF-72BD-4AF8-A70D-CDE1731AC830}.Debug|ARM.Build.0 = Debug|Any CPU
		{92ABFFCF-72BD-4AF8-A70D-CDE1731AC830}.Debug|ARM64.ActiveCfg = Debug|Any CPU
		{92ABFFCF-72BD-4AF8-A70D-CDE1731AC830}.Debug|ARM64.Build.0 = Debug|Any CPU
		{92ABFFCF-72BD-4AF8-A70D-CDE1731AC830}.Debug|x64.ActiveCfg = Debug|Any CPU
		{92ABFFCF-72BD-4AF8-A70D-CDE1731AC830}.Debug|x64.Build.0 = Debug|Any CPU
		{92ABFFCF-72BD-4AF8-A70D-CDE1731AC830}.Debug|x86.ActiveCfg = Debug|Any CPU
		{92ABFFCF-72BD-4AF8-A70D-CDE1731AC830}.Debug|x86.Build.0 = Debug|Any CPU
		{92ABFFCF-72BD-4AF8-A70D-CDE1731AC830}.Release|Any CPU.ActiveCfg = Release|Any CPU
		{92ABFFCF-72BD-4AF8-A70D-CDE1731AC830}.Release|Any CPU.Build.0 = Release|Any CPU
		{92ABFFCF-72BD-4AF8-A70D-CDE1731AC830}.Release|ARM.ActiveCfg = Release|Any CPU
		{92ABFFCF-72BD-4AF8-A70D-CDE1731AC830}.Release|ARM.Build.0 = Release|Any CPU
		{92ABFFCF-72BD-4AF8-A70D-CDE1731AC830}.Release|ARM64.ActiveCfg = Release|Any CPU
		{92ABFFCF-72BD-4AF8-A70D-CDE1731AC830}.Release|ARM64.Build.0 = Release|Any CPU
		{92ABFFCF-72BD-4AF8-A70D-CDE1731AC830}.Release|x64.ActiveCfg = Release|Any CPU
		{92ABFFCF-72BD-4AF8-A70D-CDE1731AC830}.Release|x64.Build.0 = Release|Any CPU
		{92ABFFCF-72BD-4AF8-A70D-CDE1731AC830}.Release|x86.ActiveCfg = Release|Any CPU
		{92ABFFCF-72BD-4AF8-A70D-CDE1731AC830}.Release|x86.Build.0 = Release|Any CPU
	EndGlobalSection
	GlobalSection(SolutionProperties) = preSolution
		HideSolutionNode = FALSE
	EndGlobalSection
	GlobalSection(ExtensibilityGlobals) = postSolution
		SolutionGuid = {8F4A9B3D-6DD1-463C-9795-F75CF97CFB44}
	EndGlobalSection
EndGlobal
